
Microsoft Visual Studio Solution File, Format Version 12.00
# Visual Studio 15
VisualStudioVersion = 15.0.27004.2008
MinimumVisualStudioVersion = 10.0.40219.1
Project("{FAE04EC0-301F-11D3-BF4B-00C04F79EFBC}") = "Minecraft服务器", "Minecraft服务器\Minecraft服务器.csproj", "{91E9080F-51BE-41A7-8733-A0B3E0CC291B}"
EndProject
Global
	GlobalSection(SolutionConfigurationPlatforms) = preSolution
		Debug|Any CPU = Debug|Any CPU
		Release|Any CPU = Release|Any CPU
	EndGlobalSection
	GlobalSection(ProjectConfigurationPlatforms) = postSolution
		{91E9080F-51BE-41A7-8733-A0B3E0CC291B}.Debug|Any CPU.ActiveCfg = Debug|Any CPU
		{91E9080F-51BE-41A7-8733-A0B3E0CC291B}.Debug|Any CPU.Build.0 = Debug|Any CPU
		{91E9080F-51BE-41A7-8733-A0B3E0CC291B}.Release|Any CPU.ActiveCfg = Release|Any CPU
		{91E9080F-51BE-41A7-8733-A0B3E0CC291B}.Release|Any CPU.Build.0 = Release|Any CPU
	EndGlobalSection
	GlobalSection(SolutionProperties) = preSolution
		HideSolutionNode = FALSE
	EndGlobalSection
	GlobalSection(ExtensibilityGlobals) = postSolution
		SolutionGuid = {9648DEE4-EE66-42F2-9749-699A05D976F1}
	EndGlobalSection
EndGlobal
